
Microsoft Visual Studio Solution File, Format Version 12.00
# Visual Studio Version 17
VisualStudioVersion = 17.0.31903.59
MinimumVisualStudioVersion = 10.0.40219.1
Project("{FAE04EC0-301F-11D3-BF4B-00C04F79EFBC}") = "CustomerCommLib", "CustomerCommLib\CustomerCommLib.csproj", "{25687A50-5D3E-4B25-A38D-49858E1103A4}"
EndProject
Project("{FAE04EC0-301F-11D3-BF4B-00C04F79EFBC}") = "MagicFilesLib", "MagicFilesLib\MagicFilesLib.csproj", "{8D0504A9-430D-4C0F-858F-AE114CE2E549}"
EndProject
Project("{FAE04EC0-301F-11D3-BF4B-00C04F79EFBC}") = "PlayersManagerLib", "PlayersManagerLib\PlayersManagerLib.csproj", "{5B4584F3-996E-4A7D-B14D-E79120A52B85}"
EndProject
Project("{FAE04EC0-301F-11D3-BF4B-00C04F79EFBC}") = "CustomerComm.Tests", "CustomerComm.Tests\CustomerComm.Tests.csproj", "{E2598A2A-2250-4899-A700-3D3A5B5EBBBA}"
EndProject
Project("{FAE04EC0-301F-11D3-BF4B-00C04F79EFBC}") = "DirectoryExplorer.Tests", "DirectoryExplorer.Tests\DirectoryExplorer.Tests.csproj", "{557ED506-A059-42FD-9169-70839D0D7474}"
EndProject
Project("{FAE04EC0-301F-11D3-BF4B-00C04F79EFBC}") = "PlayerManager.Tests", "PlayerManager.Tests\PlayerManager.Tests.csproj", "{82EF0544-8979-4692-B84E-AC6FCCC62641}"
EndProject
Project("{FAE04EC0-301F-11D3-BF4B-00C04F79EFBC}") = "UtilLib", "UtilLib\UtilLib.csproj", "{5C295814-49C5-429B-871F-CF141DA1CD08}"
EndProject
Project("{FAE04EC0-301F-11D3-BF4B-00C04F79EFBC}") = "UtilLib.Tests", "UtilLib.Tests\UtilLib.Tests.csproj", "{46A6237B-3A47-41C8-A993-C9F9AA920566}"
EndProject
Project("{FAE04EC0-301F-11D3-BF4B-00C04F79EFBC}") = "AccountsManagerLib", "AccountsManagerLib\AccountsManagerLib.csproj", "{3B1B373E-60B0-4CF9-B4B1-4EE499050FCB}"
EndProject
Project("{FAE04EC0-301F-11D3-BF4B-00C04F79EFBC}") = "AccountsManagerLib.Tests", "AccountsManagerLib.Tests\AccountsManagerLib.Tests.csproj", "{4F8D1C97-32D0-42A4-8CA1-95A522F100C1}"
EndProject
Project("{FAE04EC0-301F-11D3-BF4B-00C04F79EFBC}") = "CollectionsLib", "CollectionsLib\CollectionsLib.csproj", "{CA21B6BE-FD3C-4C93-A04C-D419B1CFE88E}"
EndProject
Project("{FAE04EC0-301F-11D3-BF4B-00C04F79EFBC}") = "CollectionsLib.Tests", "CollectionsLib.Tests\CollectionsLib.Tests.csproj", "{65435742-0242-40B0-8A0D-25120E6DA925}"
EndProject
Project("{FAE04EC0-301F-11D3-BF4B-00C04F79EFBC}") = "FourSeasonsLib", "FourSeasonsLib\FourSeasonsLib.csproj", "{AAEFF4CD-8EA0-447F-ABC8-AEE67741C18D}"
EndProject
Project("{FAE04EC0-301F-11D3-BF4B-00C04F79EFBC}") = "FourSeasonsLib.Tests", "FourSeasonsLib.Tests\FourSeasonsLib.Tests.csproj", "{607EA712-BE9D-429A-9282-D4B3A4E32922}"
EndProject
Project("{FAE04EC0-301F-11D3-BF4B-00C04F79EFBC}") = "LeapYearCalculatorLib", "LeapYearCalculatorLib\LeapYearCalculatorLib.csproj", "{7D092B29-D85C-49BE-AC55-1BF837486E5D}"
EndProject
Project("{FAE04EC0-301F-11D3-BF4B-00C04F79EFBC}") = "LeapYearCalculatorLib.Tests", "LeapYearCalculatorLib.Tests\LeapYearCalculatorLib.Tests.csproj", "{E8615A5A-A2E0-4767-AF26-68B42C5F5C76}"
EndProject
Project("{FAE04EC0-301F-11D3-BF4B-00C04F79EFBC}") = "UserManagerLib", "UserManagerLib\UserManagerLib.csproj", "{A3870781-0313-43A6-AF69-C3C29248CB87}"
EndProject
Project("{FAE04EC0-301F-11D3-BF4B-00C04F79EFBC}") = "UserManagerLib.Tests", "UserManagerLib.Tests\UserManagerLib.Tests.csproj", "{70939F83-4CEA-4721-8DE3-B2CC0EFAD0A6}"
EndProject
Global
	GlobalSection(SolutionConfigurationPlatforms) = preSolution
		Debug|Any CPU = Debug|Any CPU
		Debug|x64 = Debug|x64
		Debug|x86 = Debug|x86
		Release|Any CPU = Release|Any CPU
		Release|x64 = Release|x64
		Release|x86 = Release|x86
	EndGlobalSection
	GlobalSection(ProjectConfigurationPlatforms) = postSolution
		{25687A50-5D3E-4B25-A38D-49858E1103A4}.Debug|Any CPU.ActiveCfg = Debug|Any CPU
		{25687A50-5D3E-4B25-A38D-49858E1103A4}.Debug|Any CPU.Build.0 = Debug|Any CPU
		{25687A50-5D3E-4B25-A38D-49858E1103A4}.Debug|x64.ActiveCfg = Debug|Any CPU
		{25687A50-5D3E-4B25-A38D-49858E1103A4}.Debug|x64.Build.0 = Debug|Any CPU
		{25687A50-5D3E-4B25-A38D-49858E1103A4}.Debug|x86.ActiveCfg = Debug|Any CPU
		{25687A50-5D3E-4B25-A38D-49858E1103A4}.Debug|x86.Build.0 = Debug|Any CPU
		{25687A50-5D3E-4B25-A38D-49858E1103A4}.Release|Any CPU.ActiveCfg = Release|Any CPU
		{25687A50-5D3E-4B25-A38D-49858E1103A4}.Release|Any CPU.Build.0 = Release|Any CPU
		{25687A50-5D3E-4B25-A38D-49858E1103A4}.Release|x64.ActiveCfg = Release|Any CPU
		{25687A50-5D3E-4B25-A38D-49858E1103A4}.Release|x64.Build.0 = Release|Any CPU
		{25687A50-5D3E-4B25-A38D-49858E1103A4}.Release|x86.ActiveCfg = Release|Any CPU
		{25687A50-5D3E-4B25-A38D-49858E1103A4}.Release|x86.Build.0 = Release|Any CPU
		{8D0504A9-430D-4C0F-858F-AE114CE2E549}.Debug|Any CPU.ActiveCfg = Debug|Any CPU
		{8D0504A9-430D-4C0F-858F-AE114CE2E549}.Debug|Any CPU.Build.0 = Debug|Any CPU
		{8D0504A9-430D-4C0F-858F-AE114CE2E549}.Debug|x64.ActiveCfg = Debug|Any CPU
		{8D0504A9-430D-4C0F-858F-AE114CE2E549}.Debug|x64.Build.0 = Debug|Any CPU
		{8D0504A9-430D-4C0F-858F-AE114CE2E549}.Debug|x86.ActiveCfg = Debug|Any CPU
		{8D0504A9-430D-4C0F-858F-AE114CE2E549}.Debug|x86.Build.0 = Debug|Any CPU
		{8D0504A9-430D-4C0F-858F-AE114CE2E549}.Release|Any CPU.ActiveCfg = Release|Any CPU
		{8D0504A9-430D-4C0F-858F-AE114CE2E549}.Release|Any CPU.Build.0 = Release|Any CPU
		{8D0504A9-430D-4C0F-858F-AE114CE2E549}.Release|x64.ActiveCfg = Release|Any CPU
		{8D0504A9-430D-4C0F-858F-AE114CE2E549}.Release|x64.Build.0 = Release|Any CPU
		{8D0504A9-430D-4C0F-858F-AE114CE2E549}.Release|x86.ActiveCfg = Release|Any CPU
		{8D0504A9-430D-4C0F-858F-AE114CE2E549}.Release|x86.Build.0 = Release|Any CPU
		{5B4584F3-996E-4A7D-B14D-E79120A52B85}.Debug|Any CPU.ActiveCfg = Debug|Any CPU
		{5B4584F3-996E-4A7D-B14D-E79120A52B85}.Debug|Any CPU.Build.0 = Debug|Any CPU
		{5B4584F3-996E-4A7D-B14D-E79120A52B85}.Debug|x64.ActiveCfg = Debug|Any CPU
		{5B4584F3-996E-4A7D-B14D-E79120A52B85}.Debug|x64.Build.0 = Debug|Any CPU
		{5B4584F3-996E-4A7D-B14D-E79120A52B85}.Debug|x86.ActiveCfg = Debug|Any CPU
		{5B4584F3-996E-4A7D-B14D-E79120A52B85}.Debug|x86.Build.0 = Debug|Any CPU
		{5B4584F3-996E-4A7D-B14D-E79120A52B85}.Release|Any CPU.ActiveCfg = Release|Any CPU
		{5B4584F3-996E-4A7D-B14D-E79120A52B85}.Release|Any CPU.Build.0 = Release|Any CPU
		{5B4584F3-996E-4A7D-B14D-E79120A52B85}.Release|x64.ActiveCfg = Release|Any CPU
		{5B4584F3-996E-4A7D-B14D-E79120A52B85}.Release|x64.Build.0 = Release|Any CPU
		{5B4584F3-996E-4A7D-B14D-E79120A52B85}.Release|x86.ActiveCfg = Release|Any CPU
		{5B4584F3-996E-4A7D-B14D-E79120A52B85}.Release|x86.Build.0 = Release|Any CPU
		{E2598A2A-2250-4899-A700-3D3A5B5EBBBA}.Debug|Any CPU.ActiveCfg = Debug|Any CPU
		{E2598A2A-2250-4899-A700-3D3A5B5EBBBA}.Debug|Any CPU.Build.0 = Debug|Any CPU
		{E2598A2A-2250-4899-A700-3D3A5B5EBBBA}.Debug|x64.ActiveCfg = Debug|Any CPU
		{E2598A2A-2250-4899-A700-3D3A5B5EBBBA}.Debug|x64.Build.0 = Debug|Any CPU
		{E2598A2A-2250-4899-A700-3D3A5B5EBBBA}.Debug|x86.ActiveCfg = Debug|Any CPU
		{E2598A2A-2250-4899-A700-3D3A5B5EBBBA}.Debug|x86.Build.0 = Debug|Any CPU
		{E2598A2A-2250-4899-A700-3D3A5B5EBBBA}.Release|Any CPU.ActiveCfg = Release|Any CPU
		{E2598A2A-2250-4899-A700-3D3A5B5EBBBA}.Release|Any CPU.Build.0 = Release|Any CPU
		{E2598A2A-2250-4899-A700-3D3A5B5EBBBA}.Release|x64.ActiveCfg = Release|Any CPU
		{E2598A2A-2250-4899-A700-3D3A5B5EBBBA}.Release|x64.Build.0 = Release|Any CPU
		{E2598A2A-2250-4899-A700-3D3A5B5EBBBA}.Release|x86.ActiveCfg = Release|Any CPU
		{E2598A2A-2250-4899-A700-3D3A5B5EBBBA}.Release|x86.Build.0 = Release|Any CPU
		{557ED506-A059-42FD-9169-70839D0D7474}.Debug|Any CPU.ActiveCfg = Debug|Any CPU
		{557ED506-A059-42FD-9169-70839D0D7474}.Debug|Any CPU.Build.0 = Debug|Any CPU
		{557ED506-A059-42FD-9169-70839D0D7474}.Debug|x64.ActiveCfg = Debug|Any CPU
		{557ED506-A059-42FD-9169-70839D0D7474}.Debug|x64.Build.0 = Debug|Any CPU
		{557ED506-A059-42FD-9169-70839D0D7474}.Debug|x86.ActiveCfg = Debug|Any CPU
		{557ED506-A059-42FD-9169-70839D0D7474}.Debug|x86.Build.0 = Debug|Any CPU
		{557ED506-A059-42FD-9169-70839D0D7474}.Release|Any CPU.ActiveCfg = Release|Any CPU
		{557ED506-A059-42FD-9169-70839D0D7474}.Release|Any CPU.Build.0 = Release|Any CPU
		{557ED506-A059-42FD-9169-70839D0D7474}.Release|x64.ActiveCfg = Release|Any CPU
		{557ED506-A059-42FD-9169-70839D0D7474}.Release|x64.Build.0 = Release|Any CPU
		{557ED506-A059-42FD-9169-70839D0D7474}.Release|x86.ActiveCfg = Release|Any CPU
		{557ED506-A059-42FD-9169-70839D0D7474}.Release|x86.Build.0 = Release|Any CPU
		{82EF0544-8979-4692-B84E-AC6FCCC62641}.Debug|Any CPU.ActiveCfg = Debug|Any CPU
		{82EF0544-8979-4692-B84E-AC6FCCC62641}.Debug|Any CPU.Build.0 = Debug|Any CPU
		{82EF0544-8979-4692-B84E-AC6FCCC62641}.Debug|x64.ActiveCfg = Debug|Any CPU
		{82EF0544-8979-4692-B84E-AC6FCCC62641}.Debug|x64.Build.0 = Debug|Any CPU
		{82EF0544-8979-4692-B84E-AC6FCCC62641}.Debug|x86.ActiveCfg = Debug|Any CPU
		{82EF0544-8979-4692-B84E-AC6FCCC62641}.Debug|x86.Build.0 = Debug|Any CPU
		{82EF0544-8979-4692-B84E-AC6FCCC62641}.Release|Any CPU.ActiveCfg = Release|Any CPU
		{82EF0544-8979-4692-B84E-AC6FCCC62641}.Release|Any CPU.Build.0 = Release|Any CPU
		{82EF0544-8979-4692-B84E-AC6FCCC62641}.Release|x64.ActiveCfg = Release|Any CPU
		{82EF0544-8979-4692-B84E-AC6FCCC62641}.Release|x64.Build.0 = Release|Any CPU
		{82EF0544-8979-4692-B84E-AC6FCCC62641}.Release|x86.ActiveCfg = Release|Any CPU
		{82EF0544-8979-4692-B84E-AC6FCCC62641}.Release|x86.Build.0 = Release|Any CPU
		{5C295814-49C5-429B-871F-CF141DA1CD08}.Debug|Any CPU.ActiveCfg = Debug|Any CPU
		{5C295814-49C5-429B-871F-CF141DA1CD08}.Debug|Any CPU.Build.0 = Debug|Any CPU
		{5C295814-49C5-429B-871F-CF141DA1CD08}.Debug|x64.ActiveCfg = Debug|Any CPU
		{5C295814-49C5-429B-871F-CF141DA1CD08}.Debug|x64.Build.0 = Debug|Any CPU
		{5C295814-49C5-429B-871F-CF141DA1CD08}.Debug|x86.ActiveCfg = Debug|Any CPU
		{5C295814-49C5-429B-871F-CF141DA1CD08}.Debug|x86.Build.0 = Debug|Any CPU
		{5C295814-49C5-429B-871F-CF141DA1CD08}.Release|Any CPU.ActiveCfg = Release|Any CPU
		{5C295814-49C5-429B-871F-CF141DA1CD08}.Release|Any CPU.Build.0 = Release|Any CPU
		{5C295814-49C5-429B-871F-CF141DA1CD08}.Release|x64.ActiveCfg = Release|Any CPU
		{5C295814-49C5-429B-871F-CF141DA1CD08}.Release|x64.Build.0 = Release|Any CPU
		{5C295814-49C5-429B-871F-CF141DA1CD08}.Release|x86.ActiveCfg = Release|Any CPU
		{5C295814-49C5-429B-871F-CF141DA1CD08}.Release|x86.Build.0 = Release|Any CPU
		{46A6237B-3A47-41C8-A993-C9F9AA920566}.Debug|Any CPU.ActiveCfg = Debug|Any CPU
		{46A6237B-3A47-41C8-A993-C9F9AA920566}.Debug|Any CPU.Build.0 = Debug|Any CPU
		{46A6237B-3A47-41C8-A993-C9F9AA920566}.Debug|x64.ActiveCfg = Debug|Any CPU
		{46A6237B-3A47-41C8-A993-C9F9AA920566}.Debug|x64.Build.0 = Debug|Any CPU
		{46A6237B-3A47-41C8-A993-C9F9AA920566}.Debug|x86.ActiveCfg = Debug|Any CPU
		{46A6237B-3A47-41C8-A993-C9F9AA920566}.Debug|x86.Build.0 = Debug|Any CPU
		{46A6237B-3A47-41C8-A993-C9F9AA920566}.Release|Any CPU.ActiveCfg = Release|Any CPU
		{46A6237B-3A47-41C8-A993-C9F9AA920566}.Release|Any CPU.Build.0 = Release|Any CPU
		{46A6237B-3A47-41C8-A993-C9F9AA920566}.Release|x64.ActiveCfg = Release|Any CPU
		{46A6237B-3A47-41C8-A993-C9F9AA920566}.Release|x64.Build.0 = Release|Any CPU
		{46A6237B-3A47-41C8-A993-C9F9AA920566}.Release|x86.ActiveCfg = Release|Any CPU
		{46A6237B-3A47-41C8-A993-C9F9AA920566}.Release|x86.Build.0 = Release|Any CPU
		{3B1B373E-60B0-4CF9-B4B1-4EE499050FCB}.Debug|Any CPU.ActiveCfg = Debug|Any CPU
		{3B1B373E-60B0-4CF9-B4B1-4EE499050FCB}.Debug|Any CPU.Build.0 = Debug|Any CPU
		{3B1B373E-60B0-4CF9-B4B1-4EE499050FCB}.Debug|x64.ActiveCfg = Debug|Any CPU
		{3B1B373E-60B0-4CF9-B4B1-4EE499050FCB}.Debug|x64.Build.0 = Debug|Any CPU
		{3B1B373E-60B0-4CF9-B4B1-4EE499050FCB}.Debug|x86.ActiveCfg = Debug|Any CPU
		{3B1B373E-60B0-4CF9-B4B1-4EE499050FCB}.Debug|x86.Build.0 = Debug|Any CPU
		{3B1B373E-60B0-4CF9-B4B1-4EE499050FCB}.Release|Any CPU.ActiveCfg = Release|Any CPU
		{3B1B373E-60B0-4CF9-B4B1-4EE499050FCB}.Release|Any CPU.Build.0 = Release|Any CPU
		{3B1B373E-60B0-4CF9-B4B1-4EE499050FCB}.Release|x64.ActiveCfg = Release|Any CPU
		{3B1B373E-60B0-4CF9-B4B1-4EE499050FCB}.Release|x64.Build.0 = Release|Any CPU
		{3B1B373E-60B0-4CF9-B4B1-4EE499050FCB}.Release|x86.ActiveCfg = Release|Any CPU
		{3B1B373E-60B0-4CF9-B4B1-4EE499050FCB}.Release|x86.Build.0 = Release|Any CPU
		{4F8D1C97-32D0-42A4-8CA1-95A522F100C1}.Debug|Any CPU.ActiveCfg = Debug|Any CPU
		{4F8D1C97-32D0-42A4-8CA1-95A522F100C1}.Debug|Any CPU.Build.0 = Debug|Any CPU
		{4F8D1C97-32D0-42A4-8CA1-95A522F100C1}.Debug|x64.ActiveCfg = Debug|Any CPU
		{4F8D1C97-32D0-42A4-8CA1-95A522F100C1}.Debug|x64.Build.0 = Debug|Any CPU
		{4F8D1C97-32D0-42A4-8CA1-95A522F100C1}.Debug|x86.ActiveCfg = Debug|Any CPU
		{4F8D1C97-32D0-42A4-8CA1-95A522F100C1}.Debug|x86.Build.0 = Debug|Any CPU
		{4F8D1C97-32D0-42A4-8CA1-95A522F100C1}.Release|Any CPU.ActiveCfg = Release|Any CPU
		{4F8D1C97-32D0-42A4-8CA1-95A522F100C1}.Release|Any CPU.Build.0 = Release|Any CPU
		{4F8D1C97-32D0-42A4-8CA1-95A522F100C1}.Release|x64.ActiveCfg = Release|Any CPU
		{4F8D1C97-32D0-42A4-8CA1-95A522F100C1}.Release|x64.Build.0 = Release|Any CPU
		{4F8D1C97-32D0-42A4-8CA1-95A522F100C1}.Release|x86.ActiveCfg = Release|Any CPU
		{4F8D1C97-32D0-42A4-8CA1-95A522F100C1}.Release|x86.Build.0 = Release|Any CPU
		{CA21B6BE-FD3C-4C93-A04C-D419B1CFE88E}.Debug|Any CPU.ActiveCfg = Debug|Any CPU
		{CA21B6BE-FD3C-4C93-A04C-D419B1CFE88E}.Debug|Any CPU.Build.0 = Debug|Any CPU
		{CA21B6BE-FD3C-4C93-A04C-D419B1CFE88E}.Debug|x64.ActiveCfg = Debug|Any CPU
		{CA21B6BE-FD3C-4C93-A04C-D419B1CFE88E}.Debug|x64.Build.0 = Debug|Any CPU
		{CA21B6BE-FD3C-4C93-A04C-D419B1CFE88E}.Debug|x86.ActiveCfg = Debug|Any CPU
		{CA21B6BE-FD3C-4C93-A04C-D419B1CFE88E}.Debug|x86.Build.0 = Debug|Any CPU
		{CA21B6BE-FD3C-4C93-A04C-D419B1CFE88E}.Release|Any CPU.ActiveCfg = Release|Any CPU
		{CA21B6BE-FD3C-4C93-A04C-D419B1CFE88E}.Release|Any CPU.Build.0 = Release|Any CPU
		{CA21B6BE-FD3C-4C93-A04C-D419B1CFE88E}.Release|x64.ActiveCfg = Release|Any CPU
		{CA21B6BE-FD3C-4C93-A04C-D419B1CFE88E}.Release|x64.Build.0 = Release|Any CPU
		{CA21B6BE-FD3C-4C93-A04C-D419B1CFE88E}.Release|x86.ActiveCfg = Release|Any CPU
		{CA21B6BE-FD3C-4C93-A04C-D419B1CFE88E}.Release|x86.Build.0 = Release|Any CPU
		{65435742-0242-40B0-8A0D-25120E6DA925}.Debug|Any CPU.ActiveCfg = Debug|Any CPU
		{65435742-0242-40B0-8A0D-25120E6DA925}.Debug|Any CPU.Build.0 = Debug|Any CPU
		{65435742-0242-40B0-8A0D-25120E6DA925}.Debug|x64.ActiveCfg = Debug|Any CPU
		{65435742-0242-40B0-8A0D-25120E6DA925}.Debug|x64.Build.0 = Debug|Any CPU
		{65435742-0242-40B0-8A0D-25120E6DA925}.Debug|x86.ActiveCfg = Debug|Any CPU
		{65435742-0242-40B0-8A0D-25120E6DA925}.Debug|x86.Build.0 = Debug|Any CPU
		{65435742-0242-40B0-8A0D-25120E6DA925}.Release|Any CPU.ActiveCfg = Release|Any CPU
		{65435742-0242-40B0-8A0D-25120E6DA925}.Release|Any CPU.Build.0 = Release|Any CPU
		{65435742-0242-40B0-8A0D-25120E6DA925}.Release|x64.ActiveCfg = Release|Any CPU
		{65435742-0242-40B0-8A0D-25120E6DA925}.Release|x64.Build.0 = Release|Any CPU
		{65435742-0242-40B0-8A0D-25120E6DA925}.Release|x86.ActiveCfg = Release|Any CPU
		{65435742-0242-40B0-8A0D-25120E6DA925}.Release|x86.Build.0 = Release|Any CPU
		{AAEFF4CD-8EA0-447F-ABC8-AEE67741C18D}.Debug|Any CPU.ActiveCfg = Debug|Any CPU
		{AAEFF4CD-8EA0-447F-ABC8-AEE67741C18D}.Debug|Any CPU.Build.0 = Debug|Any CPU
		{AAEFF4CD-8EA0-447F-ABC8-AEE67741C18D}.Debug|x64.ActiveCfg = Debug|Any CPU
		{AAEFF4CD-8EA0-447F-ABC8-AEE67741C18D}.Debug|x64.Build.0 = Debug|Any CPU
		{AAEFF4CD-8EA0-447F-ABC8-AEE67741C18D}.Debug|x86.ActiveCfg = Debug|Any CPU
		{AAEFF4CD-8EA0-447F-ABC8-AEE67741C18D}.Debug|x86.Build.0 = Debug|Any CPU
		{AAEFF4CD-8EA0-447F-ABC8-AEE67741C18D}.Release|Any CPU.ActiveCfg = Release|Any CPU
		{AAEFF4CD-8EA0-447F-ABC8-AEE67741C18D}.Release|Any CPU.Build.0 = Release|Any CPU
		{AAEFF4CD-8EA0-447F-ABC8-AEE67741C18D}.Release|x64.ActiveCfg = Release|Any CPU
		{AAEFF4CD-8EA0-447F-ABC8-AEE67741C18D}.Release|x64.Build.0 = Release|Any CPU
		{AAEFF4CD-8EA0-447F-ABC8-AEE67741C18D}.Release|x86.ActiveCfg = Release|Any CPU
		{AAEFF4CD-8EA0-447F-ABC8-AEE67741C18D}.Release|x86.Build.0 = Release|Any CPU
		{607EA712-BE9D-429A-9282-D4B3A4E32922}.Debug|Any CPU.ActiveCfg = Debug|Any CPU
		{607EA712-BE9D-429A-9282-D4B3A4E32922}.Debug|Any CPU.Build.0 = Debug|Any CPU
		{607EA712-BE9D-429A-9282-D4B3A4E32922}.Debug|x64.ActiveCfg = Debug|Any CPU
		{607EA712-BE9D-429A-9282-D4B3A4E32922}.Debug|x64.Build.0 = Debug|Any CPU
		{607EA712-BE9D-429A-9282-D4B3A4E32922}.Debug|x86.ActiveCfg = Debug|Any CPU
		{607EA712-BE9D-429A-9282-D4B3A4E32922}.Debug|x86.Build.0 = Debug|Any CPU
		{607EA712-BE9D-429A-9282-D4B3A4E32922}.Release|Any CPU.ActiveCfg = Release|Any CPU
		{607EA712-BE9D-429A-9282-D4B3A4E32922}.Release|Any CPU.Build.0 = Release|Any CPU
		{607EA712-BE9D-429A-9282-D4B3A4E32922}.Release|x64.ActiveCfg = Release|Any CPU
		{607EA712-BE9D-429A-9282-D4B3A4E32922}.Release|x64.Build.0 = Release|Any CPU
		{607EA712-BE9D-429A-9282-D4B3A4E32922}.Release|x86.ActiveCfg = Release|Any CPU
		{607EA712-BE9D-429A-9282-D4B3A4E32922}.Release|x86.Build.0 = Release|Any CPU
		{7D092B29-D85C-49BE-AC55-1BF837486E5D}.Debug|Any CPU.ActiveCfg = Debug|Any CPU
		{7D092B29-D85C-49BE-AC55-1BF837486E5D}.Debug|Any CPU.Build.0 = Debug|Any CPU
		{7D092B29-D85C-49BE-AC55-1BF837486E5D}.Debug|x64.ActiveCfg = Debug|Any CPU
		{7D092B29-D85C-49BE-AC55-1BF837486E5D}.Debug|x64.Build.0 = Debug|Any CPU
		{7D092B29-D85C-49BE-AC55-1BF837486E5D}.Debug|x86.ActiveCfg = Debug|Any CPU
		{7D092B29-D85C-49BE-AC55-1BF837486E5D}.Debug|x86.Build.0 = Debug|Any CPU
		{7D092B29-D85C-49BE-AC55-1BF837486E5D}.Release|Any CPU.ActiveCfg = Release|Any CPU
		{7D092B29-D85C-49BE-AC55-1BF837486E5D}.Release|Any CPU.Build.0 = Release|Any CPU
		{7D092B29-D85C-49BE-AC55-1BF837486E5D}.Release|x64.ActiveCfg = Release|Any CPU
		{7D092B29-D85C-49BE-AC55-1BF837486E5D}.Release|x64.Build.0 = Release|Any CPU
		{7D092B29-D85C-49BE-AC55-1BF837486E5D}.Release|x86.ActiveCfg = Release|Any CPU
		{7D092B29-D85C-49BE-AC55-1BF837486E5D}.Release|x86.Build.0 = Release|Any CPU
		{E8615A5A-A2E0-4767-AF26-68B42C5F5C76}.Debug|Any CPU.ActiveCfg = Debug|Any CPU
		{E8615A5A-A2E0-4767-AF26-68B42C5F5C76}.Debug|Any CPU.Build.0 = Debug|Any CPU
		{E8615A5A-A2E0-4767-AF26-68B42C5F5C76}.Debug|x64.ActiveCfg = Debug|Any CPU
		{E8615A5A-A2E0-4767-AF26-68B42C5F5C76}.Debug|x64.Build.0 = Debug|Any CPU
		{E8615A5A-A2E0-4767-AF26-68B42C5F5C76}.Debug|x86.ActiveCfg = Debug|Any CPU
		{E8615A5A-A2E0-4767-AF26-68B42C5F5C76}.Debug|x86.Build.0 = Debug|Any CPU
		{E8615A5A-A2E0-4767-AF26-68B42C5F5C76}.Release|Any CPU.ActiveCfg = Release|Any CPU
		{E8615A5A-A2E0-4767-AF26-68B42C5F5C76}.Release|Any CPU.Build.0 = Release|Any CPU
		{E8615A5A-A2E0-4767-AF26-68B42C5F5C76}.Release|x64.ActiveCfg = Release|Any CPU
		{E8615A5A-A2E0-4767-AF26-68B42C5F5C76}.Release|x64.Build.0 = Release|Any CPU
		{E8615A5A-A2E0-4767-AF26-68B42C5F5C76}.Release|x86.ActiveCfg = Release|Any CPU
		{E8615A5A-A2E0-4767-AF26-68B42C5F5C76}.Release|x86.Build.0 = Release|Any CPU
		{A3870781-0313-43A6-AF69-C3C29248CB87}.Debug|Any CPU.ActiveCfg = Debug|Any CPU
		{A3870781-0313-43A6-AF69-C3C29248CB87}.Debug|Any CPU.Build.0 = Debug|Any CPU
		{A3870781-0313-43A6-AF69-C3C29248CB87}.Debug|x64.ActiveCfg = Debug|Any CPU
		{A3870781-0313-43A6-AF69-C3C29248CB87}.Debug|x64.Build.0 = Debug|Any CPU
		{A3870781-0313-43A6-AF69-C3C29248CB87}.Debug|x86.ActiveCfg = Debug|Any CPU
		{A3870781-0313-43A6-AF69-C3C29248CB87}.Debug|x86.Build.0 = Debug|Any CPU
		{A3870781-0313-43A6-AF69-C3C29248CB87}.Release|Any CPU.ActiveCfg = Release|Any CPU
		{A3870781-0313-43A6-AF69-C3C29248CB87}.Release|Any CPU.Build.0 = Release|Any CPU
		{A3870781-0313-43A6-AF69-C3C29248CB87}.Release|x64.ActiveCfg = Release|Any CPU
		{A3870781-0313-43A6-AF69-C3C29248CB87}.Release|x64.Build.0 = Release|Any CPU
		{A3870781-0313-43A6-AF69-C3C29248CB87}.Release|x86.ActiveCfg = Release|Any CPU
		{A3870781-0313-43A6-AF69-C3C29248CB87}.Release|x86.Build.0 = Release|Any CPU
		{70939F83-4CEA-4721-8DE3-B2CC0EFAD0A6}.Debug|Any CPU.ActiveCfg = Debug|Any CPU
		{70939F83-4CEA-4721-8DE3-B2CC0EFAD0A6}.Debug|Any CPU.Build.0 = Debug|Any CPU
		{70939F83-4CEA-4721-8DE3-B2CC0EFAD0A6}.Debug|x64.ActiveCfg = Debug|Any CPU
		{70939F83-4CEA-4721-8DE3-B2CC0EFAD0A6}.Debug|x64.Build.0 = Debug|Any CPU
		{70939F83-4CEA-4721-8DE3-B2CC0EFAD0A6}.Debug|x86.ActiveCfg = Debug|Any CPU
		{70939F83-4CEA-4721-8DE3-B2CC0EFAD0A6}.Debug|x86.Build.0 = Debug|Any CPU
		{70939F83-4CEA-4721-8DE3-B2CC0EFAD0A6}.Release|Any CPU.ActiveCfg = Release|Any CPU
		{70939F83-4CEA-4721-8DE3-B2CC0EFAD0A6}.Release|Any CPU.Build.0 = Release|Any CPU
		{70939F83-4CEA-4721-8DE3-B2CC0EFAD0A6}.Release|x64.ActiveCfg = Release|Any CPU
		{70939F83-4CEA-4721-8DE3-B2CC0EFAD0A6}.Release|x64.Build.0 = Release|Any CPU
		{70939F83-4CEA-4721-8DE3-B2CC0EFAD0A6}.Release|x86.ActiveCfg = Release|Any CPU
		{70939F83-4CEA-4721-8DE3-B2CC0EFAD0A6}.Release|x86.Build.0 = Release|Any CPU
	EndGlobalSection
	GlobalSection(SolutionProperties) = preSolution
		HideSolutionNode = FALSE
	EndGlobalSection
EndGlobal
